// !$*UTF8*$!
{
	archiveVersion = 1;
	classes = {
	};
	objectVersion = 46;
	objects = {

/* Begin PBXBuildFile section */
		5006713A1C1C008A000DD900 /* THtotalTableViewCell.m in Sources */ = {isa = PBXBuildFile; fileRef = 500671391C1C008A000DD900 /* THtotalTableViewCell.m */; };
		500C680F1C06E77500C0E896 /* XYPieChart.m in Sources */ = {isa = PBXBuildFile; fileRef = 500C680E1C06E77500C0E896 /* XYPieChart.m */; };
		500C68251C06F6B700C0E896 /* THSettingGroup.m in Sources */ = {isa = PBXBuildFile; fileRef = 500C68161C06F6B700C0E896 /* THSettingGroup.m */; };
		500C68261C06F6B700C0E896 /* THSettingItem.m in Sources */ = {isa = PBXBuildFile; fileRef = 500C68181C06F6B700C0E896 /* THSettingItem.m */; };
		500C68271C06F6B700C0E896 /* THSetNoticeViewController.m in Sources */ = {isa = PBXBuildFile; fileRef = 500C681B1C06F6B700C0E896 /* THSetNoticeViewController.m */; };
		500C68281C06F6B700C0E896 /* THSetStaticViewController.m in Sources */ = {isa = PBXBuildFile; fileRef = 500C681E1C06F6B700C0E896 /* THSetStaticViewController.m */; };
		500C68291C06F6B700C0E896 /* THSetSubAccountViewController.m in Sources */ = {isa = PBXBuildFile; fileRef = 500C68211C06F6B700C0E896 /* THSetSubAccountViewController.m */; };
		500C682D1C06F81B00C0E896 /* THSettingTableViewController.m in Sources */ = {isa = PBXBuildFile; fileRef = 500C682C1C06F81B00C0E896 /* THSettingTableViewController.m */; };
		500C68311C07040F00C0E896 /* THLoginViewController.m in Sources */ = {isa = PBXBuildFile; fileRef = 500C68301C07040F00C0E896 /* THLoginViewController.m */; };
		500C68341C07045600C0E896 /* MBProgressHUD+YXX.m in Sources */ = {isa = PBXBuildFile; fileRef = 500C68331C07045600C0E896 /* MBProgressHUD+YXX.m */; };
		500C68381C07378800C0E896 /* THClassTableViewController.m in Sources */ = {isa = PBXBuildFile; fileRef = 500C68371C07378800C0E896 /* THClassTableViewController.m */; };
		500C683C1C0737AF00C0E896 /* THClass.m in Sources */ = {isa = PBXBuildFile; fileRef = 500C683B1C0737AF00C0E896 /* THClass.m */; };
		50297C0D1C12CECC0014C69D /* THdetailStudent.m in Sources */ = {isa = PBXBuildFile; fileRef = 50297C0C1C12CECC0014C69D /* THdetailStudent.m */; };
		50315E6D1C1D4EC20008B510 /* libUMessage_Sdk_1.2.1.a in Frameworks */ = {isa = PBXBuildFile; fileRef = 50315E6B1C1D4EC20008B510 /* libUMessage_Sdk_1.2.1.a */; };
		503675671C0880740005B0DF /* THAddStudentTool.m in Sources */ = {isa = PBXBuildFile; fileRef = 503675661C0880740005B0DF /* THAddStudentTool.m */; };
		503ED3E51C159E8000E1FEB2 /* Images.xcassets in Resources */ = {isa = PBXBuildFile; fileRef = 503ED3E41C159E8000E1FEB2 /* Images.xcassets */; };
		504227061C06A4DB0059E94D /* THRollCallViewController.m in Sources */ = {isa = PBXBuildFile; fileRef = 504227051C06A4DB0059E94D /* THRollCallViewController.m */; };
		5042270D1C06AB690059E94D /* THDetailOfRollcallViewController.m in Sources */ = {isa = PBXBuildFile; fileRef = 5042270C1C06AB690059E94D /* THDetailOfRollcallViewController.m */; };
		504227111C06ABE60059E94D /* THFillCheckViewController.m in Sources */ = {isa = PBXBuildFile; fileRef = 504227101C06ABE60059E94D /* THFillCheckViewController.m */; };
		504AC71D1C05B1EF00FF23AF /* THTabbarViewController.m in Sources */ = {isa = PBXBuildFile; fileRef = 504AC71C1C05B1EF00FF23AF /* THTabbarViewController.m */; };
		504AC7211C05B27600FF23AF /* THStatisticsViewController.m in Sources */ = {isa = PBXBuildFile; fileRef = 504AC7201C05B27600FF23AF /* THStatisticsViewController.m */; };
		505FEFF81C102AF800290A9B /* THTotalViewController.m in Sources */ = {isa = PBXBuildFile; fileRef = 505FEFF71C102AF800290A9B /* THTotalViewController.m */; };
		505FEFFB1C1032AE00290A9B /* THHomeworkViewController.m in Sources */ = {isa = PBXBuildFile; fileRef = 505FEFFA1C1032AE00290A9B /* THHomeworkViewController.m */; };
		505FEFFF1C105B2200290A9B /* THtotal.m in Sources */ = {isa = PBXBuildFile; fileRef = 505FEFFE1C105B2200290A9B /* THtotal.m */; };
		507ECECE1C017F7400F32D47 /* main.m in Sources */ = {isa = PBXBuildFile; fileRef = 507ECECD1C017F7400F32D47 /* main.m */; };
		507ECED11C017F7400F32D47 /* AppDelegate.m in Sources */ = {isa = PBXBuildFile; fileRef = 507ECED01C017F7400F32D47 /* AppDelegate.m */; };
		507ECED91C017F7400F32D47 /* Assets.xcassets in Resources */ = {isa = PBXBuildFile; fileRef = 507ECED81C017F7400F32D47 /* Assets.xcassets */; };
		507ECEE71C017F7400F32D47 /* THTests.m in Sources */ = {isa = PBXBuildFile; fileRef = 507ECEE61C017F7400F32D47 /* THTests.m */; };
		507ECEF21C017F7400F32D47 /* THUITests.m in Sources */ = {isa = PBXBuildFile; fileRef = 507ECEF11C017F7400F32D47 /* THUITests.m */; };
		50819A0D1C083F670091A6DC /* THStudent.m in Sources */ = {isa = PBXBuildFile; fileRef = 50819A0C1C083F670091A6DC /* THStudent.m */; };
		50F8DFDE1C17AEA10022F438 /* THscores.m in Sources */ = {isa = PBXBuildFile; fileRef = 50F8DFDD1C17AEA10022F438 /* THscores.m */; };
		7310ED36B314379D3EB6F144 /* libPods.a in Frameworks */ = {isa = PBXBuildFile; fileRef = 6748B2A5D4FDABED4E797A2E /* libPods.a */; };
/* End PBXBuildFile section */

/* Begin PBXContainerItemProxy section */
		507ECEE31C017F7400F32D47 /* PBXContainerItemProxy */ = {
			isa = PBXContainerItemProxy;
			containerPortal = 507ECEC11C017F7400F32D47 /* Project object */;
			proxyType = 1;
			remoteGlobalIDString = 507ECEC81C017F7400F32D47;
			remoteInfo = TH;
		};
		507ECEEE1C017F7400F32D47 /* PBXContainerItemProxy */ = {
			isa = PBXContainerItemProxy;
			containerPortal = 507ECEC11C017F7400F32D47 /* Project object */;
			proxyType = 1;
			remoteGlobalIDString = 507ECEC81C017F7400F32D47;
			remoteInfo = TH;
		};
/* End PBXContainerItemProxy section */

/* Begin PBXFileReference section */
		0B5F5B02F6BB0E4A9DB3068E /* Pods.release.xcconfig */ = {isa = PBXFileReference; includeInIndex = 1; lastKnownFileType = text.xcconfig; name = Pods.release.xcconfig; path = "Pods/Target Support Files/Pods/Pods.release.xcconfig"; sourceTree = "<group>"; };
		500671381C1C008A000DD900 /* THtotalTableViewCell.h */ = {isa = PBXFileReference; fileEncoding = 4; lastKnownFileType = sourcecode.c.h; path = THtotalTableViewCell.h; sourceTree = "<group>"; };
		500671391C1C008A000DD900 /* THtotalTableViewCell.m */ = {isa = PBXFileReference; fileEncoding = 4; lastKnownFileType = sourcecode.c.objc; path = THtotalTableViewCell.m; sourceTree = "<group>"; };
		500C680D1C06E77500C0E896 /* XYPieChart.h */ = {isa = PBXFileReference; fileEncoding = 4; lastKnownFileType = sourcecode.c.h; path = XYPieChart.h; sourceTree = "<group>"; };
		500C680E1C06E77500C0E896 /* XYPieChart.m */ = {isa = PBXFileReference; fileEncoding = 4; lastKnownFileType = sourcecode.c.objc; path = XYPieChart.m; sourceTree = "<group>"; };
		500C68151C06F6B700C0E896 /* THSettingGroup.h */ = {isa = PBXFileReference; fileEncoding = 4; lastKnownFileType = sourcecode.c.h; path = THSettingGroup.h; sourceTree = "<group>"; };
		500C68161C06F6B700C0E896 /* THSettingGroup.m */ = {isa = PBXFileReference; fileEncoding = 4; lastKnownFileType = sourcecode.c.objc; path = THSettingGroup.m; sourceTree = "<group>"; };
		500C68171C06F6B700C0E896 /* THSettingItem.h */ = {isa = PBXFileReference; fileEncoding = 4; lastKnownFileType = sourcecode.c.h; path = THSettingItem.h; sourceTree = "<group>"; };
		500C68181C06F6B700C0E896 /* THSettingItem.m */ = {isa = PBXFileReference; fileEncoding = 4; lastKnownFileType = sourcecode.c.objc; path = THSettingItem.m; sourceTree = "<group>"; };
		500C681A1C06F6B700C0E896 /* THSetNoticeViewController.h */ = {isa = PBXFileReference; fileEncoding = 4; lastKnownFileType = sourcecode.c.h; path = THSetNoticeViewController.h; sourceTree = "<group>"; };
		500C681B1C06F6B700C0E896 /* THSetNoticeViewController.m */ = {isa = PBXFileReference; fileEncoding = 4; lastKnownFileType = sourcecode.c.objc; path = THSetNoticeViewController.m; sourceTree = "<group>"; };
		500C681D1C06F6B700C0E896 /* THSetStaticViewController.h */ = {isa = PBXFileReference; fileEncoding = 4; lastKnownFileType = sourcecode.c.h; path = THSetStaticViewController.h; sourceTree = "<group>"; };
		500C681E1C06F6B700C0E896 /* THSetStaticViewController.m */ = {isa = PBXFileReference; fileEncoding = 4; lastKnownFileType = sourcecode.c.objc; path = THSetStaticViewController.m; sourceTree = "<group>"; };
		500C68201C06F6B700C0E896 /* THSetSubAccountViewController.h */ = {isa = PBXFileReference; fileEncoding = 4; lastKnownFileType = sourcecode.c.h; path = THSetSubAccountViewController.h; sourceTree = "<group>"; };
		500C68211C06F6B700C0E896 /* THSetSubAccountViewController.m */ = {isa = PBXFileReference; fileEncoding = 4; lastKnownFileType = sourcecode.c.objc; path = THSetSubAccountViewController.m; sourceTree = "<group>"; };
		500C682B1C06F81B00C0E896 /* THSettingTableViewController.h */ = {isa = PBXFileReference; fileEncoding = 4; lastKnownFileType = sourcecode.c.h; name = THSettingTableViewController.h; path = subaccount/THSettingTableViewController.h; sourceTree = "<group>"; };
		500C682C1C06F81B00C0E896 /* THSettingTableViewController.m */ = {isa = PBXFileReference; fileEncoding = 4; lastKnownFileType = sourcecode.c.objc; name = THSettingTableViewController.m; path = subaccount/THSettingTableViewController.m; sourceTree = "<group>"; };
		500C682F1C07040F00C0E896 /* THLoginViewController.h */ = {isa = PBXFileReference; fileEncoding = 4; lastKnownFileType = sourcecode.c.h; path = THLoginViewController.h; sourceTree = "<group>"; };
		500C68301C07040F00C0E896 /* THLoginViewController.m */ = {isa = PBXFileReference; fileEncoding = 4; lastKnownFileType = sourcecode.c.objc; path = THLoginViewController.m; sourceTree = "<group>"; };
		500C68321C07045600C0E896 /* MBProgressHUD+YXX.h */ = {isa = PBXFileReference; fileEncoding = 4; lastKnownFileType = sourcecode.c.h; path = "MBProgressHUD+YXX.h"; sourceTree = "<group>"; };
		500C68331C07045600C0E896 /* MBProgressHUD+YXX.m */ = {isa = PBXFileReference; fileEncoding = 4; lastKnownFileType = sourcecode.c.objc; path = "MBProgressHUD+YXX.m"; sourceTree = "<group>"; };
		500C68361C07378800C0E896 /* THClassTableViewController.h */ = {isa = PBXFileReference; fileEncoding = 4; lastKnownFileType = sourcecode.c.h; path = THClassTableViewController.h; sourceTree = "<group>"; };
		500C68371C07378800C0E896 /* THClassTableViewController.m */ = {isa = PBXFileReference; fileEncoding = 4; lastKnownFileType = sourcecode.c.objc; path = THClassTableViewController.m; sourceTree = "<group>"; };
		500C683A1C0737AF00C0E896 /* THClass.h */ = {isa = PBXFileReference; fileEncoding = 4; lastKnownFileType = sourcecode.c.h; path = THClass.h; sourceTree = "<group>"; };
		500C683B1C0737AF00C0E896 /* THClass.m */ = {isa = PBXFileReference; fileEncoding = 4; lastKnownFileType = sourcecode.c.objc; path = THClass.m; sourceTree = "<group>"; };
		50297C0B1C12CECC0014C69D /* THdetailStudent.h */ = {isa = PBXFileReference; fileEncoding = 4; lastKnownFileType = sourcecode.c.h; path = THdetailStudent.h; sourceTree = "<group>"; };
		50297C0C1C12CECC0014C69D /* THdetailStudent.m */ = {isa = PBXFileReference; fileEncoding = 4; lastKnownFileType = sourcecode.c.objc; path = THdetailStudent.m; sourceTree = "<group>"; };
		50315E6B1C1D4EC20008B510 /* libUMessage_Sdk_1.2.1.a */ = {isa = PBXFileReference; lastKnownFileType = archive.ar; path = libUMessage_Sdk_1.2.1.a; sourceTree = "<group>"; };
		50315E6C1C1D4EC20008B510 /* UMessage.h */ = {isa = PBXFileReference; fileEncoding = 4; lastKnownFileType = sourcecode.c.h; path = UMessage.h; sourceTree = "<group>"; };
		503675651C0880740005B0DF /* THAddStudentTool.h */ = {isa = PBXFileReference; fileEncoding = 4; lastKnownFileType = sourcecode.c.h; path = THAddStudentTool.h; sourceTree = "<group>"; };
		503675661C0880740005B0DF /* THAddStudentTool.m */ = {isa = PBXFileReference; fileEncoding = 4; lastKnownFileType = sourcecode.c.objc; path = THAddStudentTool.m; sourceTree = "<group>"; };
		503ED3E41C159E8000E1FEB2 /* Images.xcassets */ = {isa = PBXFileReference; lastKnownFileType = folder.assetcatalog; path = Images.xcassets; sourceTree = "<group>"; };
		504227041C06A4DB0059E94D /* THRollCallViewController.h */ = {isa = PBXFileReference; fileEncoding = 4; lastKnownFileType = sourcecode.c.h; path = THRollCallViewController.h; sourceTree = "<group>"; };
		504227051C06A4DB0059E94D /* THRollCallViewController.m */ = {isa = PBXFileReference; fileEncoding = 4; lastKnownFileType = sourcecode.c.objc; path = THRollCallViewController.m; sourceTree = "<group>"; };
		5042270B1C06AB690059E94D /* THDetailOfRollcallViewController.h */ = {isa = PBXFileReference; fileEncoding = 4; lastKnownFileType = sourcecode.c.h; path = THDetailOfRollcallViewController.h; sourceTree = "<group>"; };
		5042270C1C06AB690059E94D /* THDetailOfRollcallViewController.m */ = {isa = PBXFileReference; fileEncoding = 4; lastKnownFileType = sourcecode.c.objc; path = THDetailOfRollcallViewController.m; sourceTree = "<group>"; };
		5042270F1C06ABE60059E94D /* THFillCheckViewController.h */ = {isa = PBXFileReference; fileEncoding = 4; lastKnownFileType = sourcecode.c.h; path = THFillCheckViewController.h; sourceTree = "<group>"; };
		504227101C06ABE60059E94D /* THFillCheckViewController.m */ = {isa = PBXFileReference; fileEncoding = 4; lastKnownFileType = sourcecode.c.objc; path = THFillCheckViewController.m; sourceTree = "<group>"; };
		504AC71B1C05B1EF00FF23AF /* THTabbarViewController.h */ = {isa = PBXFileReference; fileEncoding = 4; lastKnownFileType = sourcecode.c.h; path = THTabbarViewController.h; sourceTree = "<group>"; };
		504AC71C1C05B1EF00FF23AF /* THTabbarViewController.m */ = {isa = PBXFileReference; fileEncoding = 4; lastKnownFileType = sourcecode.c.objc; path = THTabbarViewController.m; sourceTree = "<group>"; };
		504AC71F1C05B27600FF23AF /* THStatisticsViewController.h */ = {isa = PBXFileReference; fileEncoding = 4; lastKnownFileType = sourcecode.c.h; path = THStatisticsViewController.h; sourceTree = "<group>"; };
		504AC7201C05B27600FF23AF /* THStatisticsViewController.m */ = {isa = PBXFileReference; fileEncoding = 4; lastKnownFileType = sourcecode.c.objc; path = THStatisticsViewController.m; sourceTree = "<group>"; };
		505FEFF61C102AF800290A9B /* THTotalViewController.h */ = {isa = PBXFileReference; fileEncoding = 4; lastKnownFileType = sourcecode.c.h; path = THTotalViewController.h; sourceTree = "<group>"; };
		505FEFF71C102AF800290A9B /* THTotalViewController.m */ = {isa = PBXFileReference; fileEncoding = 4; lastKnownFileType = sourcecode.c.objc; path = THTotalViewController.m; sourceTree = "<group>"; };
		505FEFF91C1032AE00290A9B /* THHomeworkViewController.h */ = {isa = PBXFileReference; fileEncoding = 4; lastKnownFileType = sourcecode.c.h; path = THHomeworkViewController.h; sourceTree = "<group>"; };
		505FEFFA1C1032AE00290A9B /* THHomeworkViewController.m */ = {isa = PBXFileReference; fileEncoding = 4; lastKnownFileType = sourcecode.c.objc; path = THHomeworkViewController.m; sourceTree = "<group>"; };
		505FEFFD1C105B2200290A9B /* THtotal.h */ = {isa = PBXFileReference; fileEncoding = 4; lastKnownFileType = sourcecode.c.h; path = THtotal.h; sourceTree = "<group>"; };
		505FEFFE1C105B2200290A9B /* THtotal.m */ = {isa = PBXFileReference; fileEncoding = 4; lastKnownFileType = sourcecode.c.objc; path = THtotal.m; sourceTree = "<group>"; };
		507ECEC91C017F7400F32D47 /* TH.app */ = {isa = PBXFileReference; explicitFileType = wrapper.application; includeInIndex = 0; path = TH.app; sourceTree = BUILT_PRODUCTS_DIR; };
		507ECECD1C017F7400F32D47 /* main.m */ = {isa = PBXFileReference; lastKnownFileType = sourcecode.c.objc; path = main.m; sourceTree = "<group>"; };
		507ECECF1C017F7400F32D47 /* AppDelegate.h */ = {isa = PBXFileReference; lastKnownFileType = sourcecode.c.h; path = AppDelegate.h; sourceTree = "<group>"; };
		507ECED01C017F7400F32D47 /* AppDelegate.m */ = {isa = PBXFileReference; lastKnownFileType = sourcecode.c.objc; path = AppDelegate.m; sourceTree = "<group>"; };
		507ECED81C017F7400F32D47 /* Assets.xcassets */ = {isa = PBXFileReference; lastKnownFileType = folder.assetcatalog; path = Assets.xcassets; sourceTree = "<group>"; };
		507ECEDD1C017F7400F32D47 /* Info.plist */ = {isa = PBXFileReference; lastKnownFileType = text.plist.xml; path = Info.plist; sourceTree = "<group>"; };
		507ECEE21C017F7400F32D47 /* THTests.xctest */ = {isa = PBXFileReference; explicitFileType = wrapper.cfbundle; includeInIndex = 0; path = THTests.xctest; sourceTree = BUILT_PRODUCTS_DIR; };
		507ECEE61C017F7400F32D47 /* THTests.m */ = {isa = PBXFileReference; lastKnownFileType = sourcecode.c.objc; path = THTests.m; sourceTree = "<group>"; };
		507ECEE81C017F7400F32D47 /* Info.plist */ = {isa = PBXFileReference; lastKnownFileType = text.plist.xml; path = Info.plist; sourceTree = "<group>"; };
		507ECEED1C017F7400F32D47 /* THUITests.xctest */ = {isa = PBXFileReference; explicitFileType = wrapper.cfbundle; includeInIndex = 0; path = THUITests.xctest; sourceTree = BUILT_PRODUCTS_DIR; };
		507ECEF11C017F7400F32D47 /* THUITests.m */ = {isa = PBXFileReference; lastKnownFileType = sourcecode.c.objc; path = THUITests.m; sourceTree = "<group>"; };
		507ECEF31C017F7400F32D47 /* Info.plist */ = {isa = PBXFileReference; lastKnownFileType = text.plist.xml; path = Info.plist; sourceTree = "<group>"; };
		507ECF051C01833700F32D47 /* TH-PrefixHeader.pch */ = {isa = PBXFileReference; lastKnownFileType = sourcecode.c.h; path = "TH-PrefixHeader.pch"; sourceTree = "<group>"; };
		50819A0B1C083F670091A6DC /* THStudent.h */ = {isa = PBXFileReference; fileEncoding = 4; lastKnownFileType = sourcecode.c.h; path = THStudent.h; sourceTree = "<group>"; };
		50819A0C1C083F670091A6DC /* THStudent.m */ = {isa = PBXFileReference; fileEncoding = 4; lastKnownFileType = sourcecode.c.objc; path = THStudent.m; sourceTree = "<group>"; };
		508FE5061C0AAE50002533E9 /* THFillcheckDelegate.h */ = {isa = PBXFileReference; fileEncoding = 4; lastKnownFileType = sourcecode.c.h; path = THFillcheckDelegate.h; sourceTree = "<group>"; };
		50F8DFDC1C17AEA10022F438 /* THscores.h */ = {isa = PBXFileReference; fileEncoding = 4; lastKnownFileType = sourcecode.c.h; path = THscores.h; sourceTree = "<group>"; };
		50F8DFDD1C17AEA10022F438 /* THscores.m */ = {isa = PBXFileReference; fileEncoding = 4; lastKnownFileType = sourcecode.c.objc; path = THscores.m; sourceTree = "<group>"; };
		62218BB5DC3CAE8A832014A5 /* Pods.debug.xcconfig */ = {isa = PBXFileReference; includeInIndex = 1; lastKnownFileType = text.xcconfig; name = Pods.debug.xcconfig; path = "Pods/Target Support Files/Pods/Pods.debug.xcconfig"; sourceTree = "<group>"; };
		6748B2A5D4FDABED4E797A2E /* libPods.a */ = {isa = PBXFileReference; explicitFileType = archive.ar; includeInIndex = 0; path = libPods.a; sourceTree = BUILT_PRODUCTS_DIR; };
/* End PBXFileReference section */

/* Begin PBXFrameworksBuildPhase section */
		507ECEC61C017F7400F32D47 /* Frameworks */ = {
			isa = PBXFrameworksBuildPhase;
			buildActionMask = 2147483647;
			files = (
				7310ED36B314379D3EB6F144 /* libPods.a in Frameworks */,
				50315E6D1C1D4EC20008B510 /* libUMessage_Sdk_1.2.1.a in Frameworks */,
			);
			runOnlyForDeploymentPostprocessing = 0;
		};
		507ECEDF1C017F7400F32D47 /* Frameworks */ = {
			isa = PBXFrameworksBuildPhase;
			buildActionMask = 2147483647;
			files = (
			);
			runOnlyForDeploymentPostprocessing = 0;
		};
		507ECEEA1C017F7400F32D47 /* Frameworks */ = {
			isa = PBXFrameworksBuildPhase;
			buildActionMask = 2147483647;
			files = (
			);
			runOnlyForDeploymentPostprocessing = 0;
		};
/* End PBXFrameworksBuildPhase section */

/* Begin PBXGroup section */
		17B47321C5FFFCFA02703FEA /* Pods */ = {
			isa = PBXGroup;
			children = (
				62218BB5DC3CAE8A832014A5 /* Pods.debug.xcconfig */,
				0B5F5B02F6BB0E4A9DB3068E /* Pods.release.xcconfig */,
			);
			name = Pods;
			sourceTree = "<group>";
		};
		500671371C1C0072000DD900 /* tool */ = {
			isa = PBXGroup;
			children = (
				500671381C1C008A000DD900 /* THtotalTableViewCell.h */,
				500671391C1C008A000DD900 /* THtotalTableViewCell.m */,
			);
			path = tool;
			sourceTree = "<group>";
		};
		500C680A1C06E76200C0E896 /* lib */ = {
			isa = PBXGroup;
			children = (
				500C68321C07045600C0E896 /* MBProgressHUD+YXX.h */,
				500C68331C07045600C0E896 /* MBProgressHUD+YXX.m */,
				500C680B1C06E76200C0E896 /* tool */,
			);
			path = lib;
			sourceTree = "<group>";
		};
		500C680B1C06E76200C0E896 /* tool */ = {
			isa = PBXGroup;
			children = (
				500C680C1C06E77500C0E896 /* XYPieChart */,
			);
			path = tool;
			sourceTree = "<group>";
		};
		500C680C1C06E77500C0E896 /* XYPieChart */ = {
			isa = PBXGroup;
			children = (
				500C680D1C06E77500C0E896 /* XYPieChart.h */,
				500C680E1C06E77500C0E896 /* XYPieChart.m */,
			);
			path = XYPieChart;
			sourceTree = "<group>";
		};
		500C68101C06F6B700C0E896 /* setting */ = {
			isa = PBXGroup;
			children = (
				500C682B1C06F81B00C0E896 /* THSettingTableViewController.h */,
				500C682C1C06F81B00C0E896 /* THSettingTableViewController.m */,
				500C68141C06F6B700C0E896 /* model */,
				500C68191C06F6B700C0E896 /* notice */,
				500C681C1C06F6B700C0E896 /* Static */,
				500C681F1C06F6B700C0E896 /* subaccount */,
			);
			name = setting;
			path = ClassTable/setting;
			sourceTree = "<group>";
		};
		500C68141C06F6B700C0E896 /* model */ = {
			isa = PBXGroup;
			children = (
				500C68151C06F6B700C0E896 /* THSettingGroup.h */,
				500C68161C06F6B700C0E896 /* THSettingGroup.m */,
				500C68171C06F6B700C0E896 /* THSettingItem.h */,
				500C68181C06F6B700C0E896 /* THSettingItem.m */,
			);
			path = model;
			sourceTree = "<group>";
		};
		500C68191C06F6B700C0E896 /* notice */ = {
			isa = PBXGroup;
			children = (
				500C681A1C06F6B700C0E896 /* THSetNoticeViewController.h */,
				500C681B1C06F6B700C0E896 /* THSetNoticeViewController.m */,
			);
			path = notice;
			sourceTree = "<group>";
		};
		500C681C1C06F6B700C0E896 /* Static */ = {
			isa = PBXGroup;
			children = (
				500C681D1C06F6B700C0E896 /* THSetStaticViewController.h */,
				500C681E1C06F6B700C0E896 /* THSetStaticViewController.m */,
			);
			path = Static;
			sourceTree = "<group>";
		};
		500C681F1C06F6B700C0E896 /* subaccount */ = {
			isa = PBXGroup;
			children = (
				500C68201C06F6B700C0E896 /* THSetSubAccountViewController.h */,
				500C68211C06F6B700C0E896 /* THSetSubAccountViewController.m */,
			);
			path = subaccount;
			sourceTree = "<group>";
		};
		500C682E1C07040F00C0E896 /* login */ = {
			isa = PBXGroup;
			children = (
				500C682F1C07040F00C0E896 /* THLoginViewController.h */,
				500C68301C07040F00C0E896 /* THLoginViewController.m */,
			);
			path = login;
			sourceTree = "<group>";
		};
		500C68351C07378800C0E896 /* classtable */ = {
			isa = PBXGroup;
			children = (
				500C68391C07379500C0E896 /* model */,
				500C68361C07378800C0E896 /* THClassTableViewController.h */,
				500C68371C07378800C0E896 /* THClassTableViewController.m */,
			);
			path = classtable;
			sourceTree = "<group>";
		};
		500C68391C07379500C0E896 /* model */ = {
			isa = PBXGroup;
			children = (
				500C683A1C0737AF00C0E896 /* THClass.h */,
				500C683B1C0737AF00C0E896 /* THClass.m */,
			);
			path = model;
			sourceTree = "<group>";
		};
		50315E6A1C1D4EC20008B510 /* UMessage_Sdk_1.2.1 */ = {
			isa = PBXGroup;
			children = (
				50315E6B1C1D4EC20008B510 /* libUMessage_Sdk_1.2.1.a */,
				50315E6C1C1D4EC20008B510 /* UMessage.h */,
			);
			path = UMessage_Sdk_1.2.1;
			sourceTree = "<group>";
		};
		503675641C0880190005B0DF /* tool */ = {
			isa = PBXGroup;
			children = (
				503675651C0880740005B0DF /* THAddStudentTool.h */,
				503675661C0880740005B0DF /* THAddStudentTool.m */,
			);
			path = tool;
			sourceTree = "<group>";
		};
		504227031C06A4A20059E94D /* rollcall */ = {
			isa = PBXGroup;
			children = (
				503675641C0880190005B0DF /* tool */,
				50819A0A1C083F540091A6DC /* model */,
				504227041C06A4DB0059E94D /* THRollCallViewController.h */,
				504227051C06A4DB0059E94D /* THRollCallViewController.m */,
			);
			path = rollcall;
			sourceTree = "<group>";
		};
		5042270A1C06AB690059E94D /* detail */ = {
			isa = PBXGroup;
			children = (
				5042270B1C06AB690059E94D /* THDetailOfRollcallViewController.h */,
				5042270C1C06AB690059E94D /* THDetailOfRollcallViewController.m */,
				50297C0B1C12CECC0014C69D /* THdetailStudent.h */,
				50297C0C1C12CECC0014C69D /* THdetailStudent.m */,
			);
			path = detail;
			sourceTree = "<group>";
		};
		5042270E1C06ABD90059E94D /* fillcheck */ = {
			isa = PBXGroup;
			children = (
				5042270F1C06ABE60059E94D /* THFillCheckViewController.h */,
				504227101C06ABE60059E94D /* THFillCheckViewController.m */,
				508FE5061C0AAE50002533E9 /* THFillcheckDelegate.h */,
			);
			path = fillcheck;
			sourceTree = "<group>";
		};
		504AC71A1C05B1EF00FF23AF /* Tabbar */ = {
			isa = PBXGroup;
			children = (
				504AC71B1C05B1EF00FF23AF /* THTabbarViewController.h */,
				504AC71C1C05B1EF00FF23AF /* THTabbarViewController.m */,
			);
			path = Tabbar;
			sourceTree = "<group>";
		};
		504AC71E1C05B24C00FF23AF /* statistics */ = {
			isa = PBXGroup;
			children = (
				50B0B53D1C0AE6D900AC579C /* homework */,
				50B0B53E1C0AE6D900AC579C /* total */,
				504AC71F1C05B27600FF23AF /* THStatisticsViewController.h */,
				504AC7201C05B27600FF23AF /* THStatisticsViewController.m */,
			);
			path = statistics;
			sourceTree = "<group>";
		};
		505FEFFC1C105B0600290A9B /* model */ = {
			isa = PBXGroup;
			children = (
				505FEFFD1C105B2200290A9B /* THtotal.h */,
				505FEFFE1C105B2200290A9B /* THtotal.m */,
			);
			path = model;
			sourceTree = "<group>";
		};
		507ECEC01C017F7400F32D47 = {
			isa = PBXGroup;
			children = (
				507ECECB1C017F7400F32D47 /* TH */,
				507ECEE51C017F7400F32D47 /* THTests */,
				507ECEF01C017F7400F32D47 /* THUITests */,
				507ECECA1C017F7400F32D47 /* Products */,
				17B47321C5FFFCFA02703FEA /* Pods */,
				9CE0711C7FFFB043CE55D7A8 /* Frameworks */,
			);
			sourceTree = "<group>";
		};
		507ECECA1C017F7400F32D47 /* Products */ = {
			isa = PBXGroup;
			children = (
				507ECEC91C017F7400F32D47 /* TH.app */,
				507ECEE21C017F7400F32D47 /* THTests.xctest */,
				507ECEED1C017F7400F32D47 /* THUITests.xctest */,
			);
			name = Products;
			sourceTree = "<group>";
		};
		507ECECB1C017F7400F32D47 /* TH */ = {
			isa = PBXGroup;
			children = (
				50315E6A1C1D4EC20008B510 /* UMessage_Sdk_1.2.1 */,
				500C682E1C07040F00C0E896 /* login */,
				500C68101C06F6B700C0E896 /* setting */,
				500C680A1C06E76200C0E896 /* lib */,
				507ECEFF1C01802800F32D47 /* ClassTable */,
				504AC71E1C05B24C00FF23AF /* statistics */,
				504AC71A1C05B1EF00FF23AF /* Tabbar */,
				507ECF031C0182F800F32D47 /* other */,
				507ECECF1C017F7400F32D47 /* AppDelegate.h */,
				507ECED01C017F7400F32D47 /* AppDelegate.m */,
				507ECED81C017F7400F32D47 /* Assets.xcassets */,
				507ECEDD1C017F7400F32D47 /* Info.plist */,
				503ED3E41C159E8000E1FEB2 /* Images.xcassets */,
				507ECECC1C017F7400F32D47 /* Supporting Files */,
			);
			path = TH;
			sourceTree = "<group>";
		};
		507ECECC1C017F7400F32D47 /* Supporting Files */ = {
			isa = PBXGroup;
			children = (
				507ECECD1C017F7400F32D47 /* main.m */,
			);
			name = "Supporting Files";
			sourceTree = "<group>";
		};
		507ECEE51C017F7400F32D47 /* THTests */ = {
			isa = PBXGroup;
			children = (
				507ECEE61C017F7400F32D47 /* THTests.m */,
				507ECEE81C017F7400F32D47 /* Info.plist */,
			);
			path = THTests;
			sourceTree = "<group>";
		};
		507ECEF01C017F7400F32D47 /* THUITests */ = {
			isa = PBXGroup;
			children = (
				507ECEF11C017F7400F32D47 /* THUITests.m */,
				507ECEF31C017F7400F32D47 /* Info.plist */,
			);
			path = THUITests;
			sourceTree = "<group>";
		};
		507ECEFF1C01802800F32D47 /* ClassTable */ = {
			isa = PBXGroup;
			children = (
				500C68351C07378800C0E896 /* classtable */,
				5042270E1C06ABD90059E94D /* fillcheck */,
				5042270A1C06AB690059E94D /* detail */,
				504227031C06A4A20059E94D /* rollcall */,
			);
			path = ClassTable;
			sourceTree = "<group>";
		};
		507ECF031C0182F800F32D47 /* other */ = {
			isa = PBXGroup;
			children = (
				507ECF051C01833700F32D47 /* TH-PrefixHeader.pch */,
			);
			path = other;
			sourceTree = "<group>";
		};
		50819A0A1C083F540091A6DC /* model */ = {
			isa = PBXGroup;
			children = (
				50819A0B1C083F670091A6DC /* THStudent.h */,
				50819A0C1C083F670091A6DC /* THStudent.m */,
			);
			path = model;
			sourceTree = "<group>";
		};
		50B0B53D1C0AE6D900AC579C /* homework */ = {
			isa = PBXGroup;
			children = (
				50F8DFDB1C17AE8B0022F438 /* model */,
				505FEFF91C1032AE00290A9B /* THHomeworkViewController.h */,
				505FEFFA1C1032AE00290A9B /* THHomeworkViewController.m */,
			);
			path = homework;
			sourceTree = "<group>";
		};
		50B0B53E1C0AE6D900AC579C /* total */ = {
			isa = PBXGroup;
			children = (
				500671371C1C0072000DD900 /* tool */,
				505FEFFC1C105B0600290A9B /* model */,
				505FEFF61C102AF800290A9B /* THTotalViewController.h */,
				505FEFF71C102AF800290A9B /* THTotalViewController.m */,
			);
			path = total;
			sourceTree = "<group>";
		};
		50F8DFDB1C17AE8B0022F438 /* model */ = {
			isa = PBXGroup;
			children = (
				50F8DFDC1C17AEA10022F438 /* THscores.h */,
				50F8DFDD1C17AEA10022F438 /* THscores.m */,
			);
			path = model;
			sourceTree = "<group>";
		};
		9CE0711C7FFFB043CE55D7A8 /* Frameworks */ = {
			isa = PBXGroup;
			children = (
				6748B2A5D4FDABED4E797A2E /* libPods.a */,
			);
			name = Frameworks;
			sourceTree = "<group>";
		};
/* End PBXGroup section */

/* Begin PBXNativeTarget section */
		507ECEC81C017F7400F32D47 /* TH */ = {
			isa = PBXNativeTarget;
			buildConfigurationList = 507ECEF61C017F7400F32D47 /* Build configuration list for PBXNativeTarget "TH" */;
			buildPhases = (
				B4EE0653E9916858329282D5 /* Check Pods Manifest.lock */,
				507ECEC51C017F7400F32D47 /* Sources */,
				507ECEC61C017F7400F32D47 /* Frameworks */,
				507ECEC71C017F7400F32D47 /* Resources */,
				005BA3A9521ADD5C55A9C273 /* Embed Pods Frameworks */,
				28B344E3AE59D4082EB4A83A /* Copy Pods Resources */,
			);
			buildRules = (
			);
			dependencies = (
			);
			name = TH;
			productName = TH;
			productReference = 507ECEC91C017F7400F32D47 /* TH.app */;
			productType = "com.apple.product-type.application";
		};
		507ECEE11C017F7400F32D47 /* THTests */ = {
			isa = PBXNativeTarget;
			buildConfigurationList = 507ECEF91C017F7400F32D47 /* Build configuration list for PBXNativeTarget "THTests" */;
			buildPhases = (
				507ECEDE1C017F7400F32D47 /* Sources */,
				507ECEDF1C017F7400F32D47 /* Frameworks */,
				507ECEE01C017F7400F32D47 /* Resources */,
			);
			buildRules = (
			);
			dependencies = (
				507ECEE41C017F7400F32D47 /* PBXTargetDependency */,
			);
			name = THTests;
			productName = THTests;
			productReference = 507ECEE21C017F7400F32D47 /* THTests.xctest */;
			productType = "com.apple.product-type.bundle.unit-test";
		};
		507ECEEC1C017F7400F32D47 /* THUITests */ = {
			isa = PBXNativeTarget;
			buildConfigurationList = 507ECEFC1C017F7400F32D47 /* Build configuration list for PBXNativeTarget "THUITests" */;
			buildPhases = (
				507ECEE91C017F7400F32D47 /* Sources */,
				507ECEEA1C017F7400F32D47 /* Frameworks */,
				507ECEEB1C017F7400F32D47 /* Resources */,
			);
			buildRules = (
			);
			dependencies = (
				507ECEEF1C017F7400F32D47 /* PBXTargetDependency */,
			);
			name = THUITests;
			productName = THUITests;
			productReference = 507ECEED1C017F7400F32D47 /* THUITests.xctest */;
			productType = "com.apple.product-type.bundle.ui-testing";
		};
/* End PBXNativeTarget section */

/* Begin PBXProject section */
		507ECEC11C017F7400F32D47 /* Project object */ = {
			isa = PBXProject;
			attributes = {
				LastUpgradeCheck = 0710;
				ORGANIZATIONNAME = Taro;
				TargetAttributes = {
					507ECEC81C017F7400F32D47 = {
						CreatedOnToolsVersion = 7.1.1;
						DevelopmentTeam = N85MR7EVWF;
						SystemCapabilities = {
							com.apple.BackgroundModes = {
								enabled = 1;
							};
							com.apple.Push = {
								enabled = 1;
							};
						};
					};
					507ECEE11C017F7400F32D47 = {
						CreatedOnToolsVersion = 7.1.1;
						TestTargetID = 507ECEC81C017F7400F32D47;
					};
					507ECEEC1C017F7400F32D47 = {
						CreatedOnToolsVersion = 7.1.1;
						TestTargetID = 507ECEC81C017F7400F32D47;
					};
				};
			};
			buildConfigurationList = 507ECEC41C017F7400F32D47 /* Build configuration list for PBXProject "TH" */;
			compatibilityVersion = "Xcode 3.2";
			developmentRegion = English;
			hasScannedForEncodings = 0;
			knownRegions = (
				en,
				Base,
			);
			mainGroup = 507ECEC01C017F7400F32D47;
			productRefGroup = 507ECECA1C017F7400F32D47 /* Products */;
			projectDirPath = "";
			projectRoot = "";
			targets = (
				507ECEC81C017F7400F32D47 /* TH */,
				507ECEE11C017F7400F32D47 /* THTests */,
				507ECEEC1C017F7400F32D47 /* THUITests */,
			);
		};
/* End PBXProject section */

/* Begin PBXResourcesBuildPhase section */
		507ECEC71C017F7400F32D47 /* Resources */ = {
			isa = PBXResourcesBuildPhase;
			buildActionMask = 2147483647;
			files = (
				503ED3E51C159E8000E1FEB2 /* Images.xcassets in Resources */,
				507ECED91C017F7400F32D47 /* Assets.xcassets in Resources */,
			);
			runOnlyForDeploymentPostprocessing = 0;
		};
		507ECEE01C017F7400F32D47 /* Resources */ = {
			isa = PBXResourcesBuildPhase;
			buildActionMask = 2147483647;
			files = (
			);
			runOnlyForDeploymentPostprocessing = 0;
		};
		507ECEEB1C017F7400F32D47 /* Resources */ = {
			isa = PBXResourcesBuildPhase;
			buildActionMask = 2147483647;
			files = (
			);
			runOnlyForDeploymentPostprocessing = 0;
		};
/* End PBXResourcesBuildPhase section */

/* Begin PBXShellScriptBuildPhase section */
		005BA3A9521ADD5C55A9C273 /* Embed Pods Frameworks */ = {
			isa = PBXShellScriptBuildPhase;
			buildActionMask = 2147483647;
			files = (
			);
			inputPaths = (
			);
			name = "Embed Pods Frameworks";
			outputPaths = (
			);
			runOnlyForDeploymentPostprocessing = 0;
			shellPath = /bin/sh;
			shellScript = "\"${SRCROOT}/Pods/Target Support Files/Pods/Pods-frameworks.sh\"\n";
			showEnvVarsInLog = 0;
		};
		28B344E3AE59D4082EB4A83A /* Copy Pods Resources */ = {
			isa = PBXShellScriptBuildPhase;
			buildActionMask = 2147483647;
			files = (
			);
			inputPaths = (
			);
			name = "Copy Pods Resources";
			outputPaths = (
			);
			runOnlyForDeploymentPostprocessing = 0;
			shellPath = /bin/sh;
			shellScript = "\"${SRCROOT}/Pods/Target Support Files/Pods/Pods-resources.sh\"\n";
			showEnvVarsInLog = 0;
		};
		B4EE0653E9916858329282D5 /* Check Pods Manifest.lock */ = {
			isa = PBXShellScriptBuildPhase;
			buildActionMask = 2147483647;
			files = (
			);
			inputPaths = (
			);
			name = "Check Pods Manifest.lock";
			outputPaths = (
			);
			runOnlyForDeploymentPostprocessing = 0;
			shellPath = /bin/sh;
			shellScript = "diff \"${PODS_ROOT}/../Podfile.lock\" \"${PODS_ROOT}/Manifest.lock\" > /dev/null\nif [[ $? != 0 ]] ; then\n    cat << EOM\nerror: The sandbox is not in sync with the Podfile.lock. Run 'pod install' or update your CocoaPods installation.\nEOM\n    exit 1\nfi\n";
			showEnvVarsInLog = 0;
		};
/* End PBXShellScriptBuildPhase section */

/* Begin PBXSourcesBuildPhase section */
		507ECEC51C017F7400F32D47 /* Sources */ = {
			isa = PBXSourcesBuildPhase;
			buildActionMask = 2147483647;
			files = (
				5042270D1C06AB690059E94D /* THDetailOfRollcallViewController.m in Sources */,
				505FEFF81C102AF800290A9B /* THTotalViewController.m in Sources */,
				504AC7211C05B27600FF23AF /* THStatisticsViewController.m in Sources */,
				500C68281C06F6B700C0E896 /* THSetStaticViewController.m in Sources */,
				50297C0D1C12CECC0014C69D /* THdetailStudent.m in Sources */,
				505FEFFF1C105B2200290A9B /* THtotal.m in Sources */,
				507ECED11C017F7400F32D47 /* AppDelegate.m in Sources */,
				503675671C0880740005B0DF /* THAddStudentTool.m in Sources */,
				504227061C06A4DB0059E94D /* THRollCallViewController.m in Sources */,
				50819A0D1C083F670091A6DC /* THStudent.m in Sources */,
				500C68291C06F6B700C0E896 /* THSetSubAccountViewController.m in Sources */,
				504227111C06ABE60059E94D /* THFillCheckViewController.m in Sources */,
				500C68251C06F6B700C0E896 /* THSettingGroup.m in Sources */,
				500C683C1C0737AF00C0E896 /* THClass.m in Sources */,
				500C682D1C06F81B00C0E896 /* THSettingTableViewController.m in Sources */,
				504AC71D1C05B1EF00FF23AF /* THTabbarViewController.m in Sources */,
				500C680F1C06E77500C0E896 /* XYPieChart.m in Sources */,
				50F8DFDE1C17AEA10022F438 /* THscores.m in Sources */,
				5006713A1C1C008A000DD900 /* THtotalTableViewCell.m in Sources */,
				500C68341C07045600C0E896 /* MBProgressHUD+YXX.m in Sources */,
				500C68311C07040F00C0E896 /* THLoginViewController.m in Sources */,
				500C68381C07378800C0E896 /* THClassTableViewController.m in Sources */,
				505FEFFB1C1032AE00290A9B /* THHomeworkViewController.m in Sources */,
				507ECECE1C017F7400F32D47 /* main.m in Sources */,
				500C68271C06F6B700C0E896 /* THSetNoticeViewController.m in Sources */,
				500C68261C06F6B700C0E896 /* THSettingItem.m in Sources */,
			);
			runOnlyForDeploymentPostprocessing = 0;
		};
		507ECEDE1C017F7400F32D47 /* Sources */ = {
			isa = PBXSourcesBuildPhase;
			buildActionMask = 2147483647;
			files = (
				507ECEE71C017F7400F32D47 /* THTests.m in Sources */,
			);
			runOnlyForDeploymentPostprocessing = 0;
		};
		507ECEE91C017F7400F32D47 /* Sources */ = {
			isa = PBXSourcesBuildPhase;
			buildActionMask = 2147483647;
			files = (
				507ECEF21C017F7400F32D47 /* THUITests.m in Sources */,
			);
			runOnlyForDeploymentPostprocessing = 0;
		};
/* End PBXSourcesBuildPhase section */

/* Begin PBXTargetDependency section */
		507ECEE41C017F7400F32D47 /* PBXTargetDependency */ = {
			isa = PBXTargetDependency;
			target = 507ECEC81C017F7400F32D47 /* TH */;
			targetProxy = 507ECEE31C017F7400F32D47 /* PBXContainerItemProxy */;
		};
		507ECEEF1C017F7400F32D47 /* PBXTargetDependency */ = {
			isa = PBXTargetDependency;
			target = 507ECEC81C017F7400F32D47 /* TH */;
			targetProxy = 507ECEEE1C017F7400F32D47 /* PBXContainerItemProxy */;
		};
/* End PBXTargetDependency section */

/* Begin XCBuildConfiguration section */
		507ECEF41C017F7400F32D47 /* Debug */ = {
			isa = XCBuildConfiguration;
			buildSettings = {
				ALWAYS_SEARCH_USER_PATHS = NO;
				CLANG_CXX_LANGUAGE_STANDARD = "gnu++0x";
				CLANG_CXX_LIBRARY = "libc++";
				CLANG_ENABLE_MODULES = YES;
				CLANG_ENABLE_OBJC_ARC = YES;
				CLANG_WARN_BOOL_CONVERSION = YES;
				CLANG_WARN_CONSTANT_CONVERSION = YES;
				CLANG_WARN_DIRECT_OBJC_ISA_USAGE = YES_ERROR;
				CLANG_WARN_EMPTY_BODY = YES;
				CLANG_WARN_ENUM_CONVERSION = YES;
				CLANG_WARN_INT_CONVERSION = YES;
				CLANG_WARN_OBJC_ROOT_CLASS = YES_ERROR;
				CLANG_WARN_UNREACHABLE_CODE = YES;
				CLANG_WARN__DUPLICATE_METHOD_MATCH = YES;
				"CODE_SIGN_IDENTITY[sdk=iphoneos*]" = "iPhone Developer";
				COPY_PHASE_STRIP = NO;
				DEBUG_INFORMATION_FORMAT = dwarf;
				ENABLE_STRICT_OBJC_MSGSEND = YES;
				ENABLE_TESTABILITY = YES;
				GCC_C_LANGUAGE_STANDARD = gnu99;
				GCC_DYNAMIC_NO_PIC = NO;
				GCC_NO_COMMON_BLOCKS = YES;
				GCC_OPTIMIZATION_LEVEL = 0;
				GCC_PREPROCESSOR_DEFINITIONS = (
					"DEBUG=1",
					"$(inherited)",
				);
				GCC_WARN_64_TO_32_BIT_CONVERSION = YES;
				GCC_WARN_ABOUT_RETURN_TYPE = YES_ERROR;
				GCC_WARN_UNDECLARED_SELECTOR = YES;
				GCC_WARN_UNINITIALIZED_AUTOS = YES_AGGRESSIVE;
				GCC_WARN_UNUSED_FUNCTION = YES;
				GCC_WARN_UNUSED_VARIABLE = YES;
				IPHONEOS_DEPLOYMENT_TARGET = 8.0;
				MTL_ENABLE_DEBUG_INFO = YES;
				ONLY_ACTIVE_ARCH = YES;
				SDKROOT = iphoneos;
				TARGETED_DEVICE_FAMILY = "1,2";
			};
			name = Debug;
		};
		507ECEF51C017F7400F32D47 /* Release */ = {
			isa = XCBuildConfiguration;
			buildSettings = {
				ALWAYS_SEARCH_USER_PATHS = NO;
				CLANG_CXX_LANGUAGE_STANDARD = "gnu++0x";
				CLANG_CXX_LIBRARY = "libc++";
				CLANG_ENABLE_MODULES = YES;
				CLANG_ENABLE_OBJC_ARC = YES;
				CLANG_WARN_BOOL_CONVERSION = YES;
				CLANG_WARN_CONSTANT_CONVERSION = YES;
				CLANG_WARN_DIRECT_OBJC_ISA_USAGE = YES_ERROR;
				CLANG_WARN_EMPTY_BODY = YES;
				CLANG_WARN_ENUM_CONVERSION = YES;
				CLANG_WARN_INT_CONVERSION = YES;
				CLANG_WARN_OBJC_ROOT_CLASS = YES_ERROR;
				CLANG_WARN_UNREACHABLE_CODE = YES;
				CLANG_WARN__DUPLICATE_METHOD_MATCH = YES;
				"CODE_SIGN_IDENTITY[sdk=iphoneos*]" = "iPhone Developer";
				COPY_PHASE_STRIP = NO;
				DEBUG_INFORMATION_FORMAT = "dwarf-with-dsym";
				ENABLE_NS_ASSERTIONS = NO;
				ENABLE_STRICT_OBJC_MSGSEND = YES;
				GCC_C_LANGUAGE_STANDARD = gnu99;
				GCC_NO_COMMON_BLOCKS = YES;
				GCC_WARN_64_TO_32_BIT_CONVERSION = YES;
				GCC_WARN_ABOUT_RETURN_TYPE = YES_ERROR;
				GCC_WARN_UNDECLARED_SELECTOR = YES;
				GCC_WARN_UNINITIALIZED_AUTOS = YES_AGGRESSIVE;
				GCC_WARN_UNUSED_FUNCTION = YES;
				GCC_WARN_UNUSED_VARIABLE = YES;
				IPHONEOS_DEPLOYMENT_TARGET = 8.0;
				MTL_ENABLE_DEBUG_INFO = NO;
				SDKROOT = iphoneos;
				TARGETED_DEVICE_FAMILY = "1,2";
				VALIDATE_PRODUCT = YES;
			};
			name = Release;
		};
		507ECEF71C017F7400F32D47 /* Debug */ = {
			isa = XCBuildConfiguration;
			baseConfigurationReference = 62218BB5DC3CAE8A832014A5 /* Pods.debug.xcconfig */;
			buildSettings = {
				ASSETCATALOG_COMPILER_APPICON_NAME = AppIcon;
				ASSETCATALOG_COMPILER_LAUNCHIMAGE_NAME = LaunchImage;
				CODE_SIGN_IDENTITY = "iPhone Developer";
				GCC_PREFIX_HEADER = "/Users/yuxiangxiang/Desktop/Teacher-Helper/TH/TH/other/TH-PrefixHeader.pch";
				INFOPLIST_FILE = TH/Info.plist;
				IPHONEOS_DEPLOYMENT_TARGET = 8.0;
				LD_RUNPATH_SEARCH_PATHS = "$(inherited) @executable_path/Frameworks";
				LIBRARY_SEARCH_PATHS = (
					"$(inherited)",
					"$(PROJECT_DIR)/TH/UMessage_Sdk_1.2.1",
				);
				PRODUCT_BUNDLE_IDENTIFIER = com.edu.teacherhelp;
				PRODUCT_NAME = "$(TARGET_NAME)";
				TARGETED_DEVICE_FAMILY = 1;
			};
			name = Debug;
		};
		507ECEF81C017F7400F32D47 /* Release */ = {
			isa = XCBuildConfiguration;
			baseConfigurationReference = 0B5F5B02F6BB0E4A9DB3068E /* Pods.release.xcconfig */;
			buildSettings = {
				ASSETCATALOG_COMPILER_APPICON_NAME = AppIcon;
				ASSETCATALOG_COMPILER_LAUNCHIMAGE_NAME = LaunchImage;
				CODE_SIGN_IDENTITY = "iPhone Developer";
				GCC_PREFIX_HEADER = "/Users/yuxiangxiang/Desktop/Teacher-Helper/TH/TH/other/TH-PrefixHeader.pch";
				INFOPLIST_FILE = TH/Info.plist;
				IPHONEOS_DEPLOYMENT_TARGET = 8.0;
				LD_RUNPATH_SEARCH_PATHS = "$(inherited) @executable_path/Frameworks";
				LIBRARY_SEARCH_PATHS = (
					"$(inherited)",
					"$(PROJECT_DIR)/TH/UMessage_Sdk_1.2.1",
				);
				PRODUCT_BUNDLE_IDENTIFIER = com.edu.teacherhelp;
				PRODUCT_NAME = "$(TARGET_NAME)";
				TARGETED_DEVICE_FAMILY = 1;
			};
			name = Release;
		};
		507ECEFA1C017F7400F32D47 /* Debug */ = {
			isa = XCBuildConfiguration;
			buildSettings = {
				BUNDLE_LOADER = "$(TEST_HOST)";
				INFOPLIST_FILE = THTests/Info.plist;
				LD_RUNPATH_SEARCH_PATHS = "$(inherited) @executable_path/Frameworks @loader_path/Frameworks";
				PRODUCT_BUNDLE_IDENTIFIER = "com.HDU.Teacher-Help.THTests";
				PRODUCT_NAME = "$(TARGET_NAME)";
				TEST_HOST = "$(BUILT_PRODUCTS_DIR)/TH.app/TH";
			};
			name = Debug;
		};
		507ECEFB1C017F7400F32D47 /* Release */ = {
			isa = XCBuildConfiguration;
			buildSettings = {
				BUNDLE_LOADER = "$(TEST_HOST)";
				INFOPLIST_FILE = THTests/Info.plist;
				LD_RUNPATH_SEARCH_PATHS = "$(inherited) @executable_path/Frameworks @loader_path/Frameworks";
				PRODUCT_BUNDLE_IDENTIFIER = "com.HDU.Teacher-Help.THTests";
				PRODUCT_NAME = "$(TARGET_NAME)";
				TEST_HOST = "$(BUILT_PRODUCTS_DIR)/TH.app/TH";
			};
			name = Release;
		};
		507ECEFD1C017F7400F32D47 /* Debug */ = {
			isa = XCBuildConfiguration;
			buildSettings = {
				INFOPLIST_FILE = THUITests/Info.plist;
				LD_RUNPATH_SEARCH_PATHS = "$(inherited) @executable_path/Frameworks @loader_path/Frameworks";
				PRODUCT_BUNDLE_IDENTIFIER = "com.HDU.Teacher-Help.THUITests";
				PRODUCT_NAME = "$(TARGET_NAME)";
				TEST_TARGET_NAME = TH;
				USES_XCTRUNNER = YES;
			};
			name = Debug;
		};
		507ECEFE1C017F7400F32D47 /* Release */ = {
			isa = XCBuildConfiguration;
			buildSettings = {
				INFOPLIST_FILE = THUITests/Info.plist;
				LD_RUNPATH_SEARCH_PATHS = "$(inherited) @executable_path/Frameworks @loader_path/Frameworks";
				PRODUCT_BUNDLE_IDENTIFIER = "com.HDU.Teacher-Help.THUITests";
				PRODUCT_NAME = "$(TARGET_NAME)";
				TEST_TARGET_NAME = TH;
				USES_XCTRUNNER = YES;
			};
			name = Release;
		};
/* End XCBuildConfiguration section */

/* Begin XCConfigurationList section */
		507ECEC41C017F7400F32D47 /* Build configuration list for PBXProject "TH" */ = {
			isa = XCConfigurationList;
			buildConfigurations = (
				507ECEF41C017F7400F32D47 /* Debug */,
				507ECEF51C017F7400F32D47 /* Release */,
			);
			defaultConfigurationIsVisible = 0;
			defaultConfigurationName = Release;
		};
		507ECEF61C017F7400F32D47 /* Build configuration list for PBXNativeTarget "TH" */ = {
			isa = XCConfigurationList;
			buildConfigurations = (
				507ECEF71C017F7400F32D47 /* Debug */,
				507ECEF81C017F7400F32D47 /* Release */,
			);
			defaultConfigurationIsVisible = 0;
			defaultConfigurationName = Release;
		};
		507ECEF91C017F7400F32D47 /* Build configuration list for PBXNativeTarget "THTests" */ = {
			isa = XCConfigurationList;
			buildConfigurations = (
				507ECEFA1C017F7400F32D47 /* Debug */,
				507ECEFB1C017F7400F32D47 /* Release */,
			);
			defaultConfigurationIsVisible = 0;
			defaultConfigurationName = Release;
		};
		507ECEFC1C017F7400F32D47 /* Build configuration list for PBXNativeTarget "THUITests" */ = {
			isa = XCConfigurationList;
			buildConfigurations = (
				507ECEFD1C017F7400F32D47 /* Debug */,
				507ECEFE1C017F7400F32D47 /* Release */,
			);
			defaultConfigurationIsVisible = 0;
			defaultConfigurationName = Release;
		};
/* End XCConfigurationList section */
	};
	rootObject = 507ECEC11C017F7400F32D47 /* Project object */;
}
